
Microsoft Visual Studio Solution File, Format Version 12.00
# Visual Studio Version 17
VisualStudioVersion = 17.4.33110.190
MinimumVisualStudioVersion = 10.0.40219.1
Project("{9A19103F-16F7-4668-BE54-9A1E7A4F7556}") = "GrpcService", "GrpcService\GrpcService.csproj", "{390B8C1E-C084-4C4A-84BB-24498CE207A9}"
EndProject
Project("{FAE04EC0-301F-11D3-BF4B-00C04F79EFBC}") = "GrpcClient", "GrpcClient\GrpcClient.csproj", "{9B5E7D6E-1257-4D15-8AB6-C3A5940E9A9D}"
EndProject
Global
	GlobalSection(SolutionConfigurationPlatforms) = preSolution
		Debug|Any CPU = Debug|Any CPU
		Release|Any CPU = Release|Any CPU
	EndGlobalSection
	GlobalSection(ProjectConfigurationPlatforms) = postSolution
		{390B8C1E-C084-4C4A-84BB-24498CE207A9}.Debug|Any CPU.ActiveCfg = Debug|Any CPU
		{390B8C1E-C084-4C4A-84BB-24498CE207A9}.Debug|Any CPU.Build.0 = Debug|Any CPU
		{390B8C1E-C084-4C4A-84BB-24498CE207A9}.Release|Any CPU.ActiveCfg = Release|Any CPU
		{390B8C1E-C084-4C4A-84BB-24498CE207A9}.Release|Any CPU.Build.0 = Release|Any CPU
		{9B5E7D6E-1257-4D15-8AB6-C3A5940E9A9D}.Debug|Any CPU.ActiveCfg = Debug|Any CPU
		{9B5E7D6E-1257-4D15-8AB6-C3A5940E9A9D}.Debug|Any CPU.Build.0 = Debug|Any CPU
		{9B5E7D6E-1257-4D15-8AB6-C3A5940E9A9D}.Release|Any CPU.ActiveCfg = Release|Any CPU
		{9B5E7D6E-1257-4D15-8AB6-C3A5940E9A9D}.Release|Any CPU.Build.0 = Release|Any CPU
	EndGlobalSection
	GlobalSection(SolutionProperties) = preSolution
		HideSolutionNode = FALSE
	EndGlobalSection
	GlobalSection(ExtensibilityGlobals) = postSolution
		SolutionGuid = {53B09B0C-FF95-45F1-8CED-5A62629E55FC}
	EndGlobalSection
EndGlobal
